
Microsoft Visual Studio Solution File, Format Version 12.00
# Visual Studio Version 17
VisualStudioVersion = 17.5.33502.453
MinimumVisualStudioVersion = 10.0.40219.1
Project("{FAE04EC0-301F-11D3-BF4B-00C04F79EFBC}") = "CipherProject", "CipherProject\CipherProject.csproj", "{34D89F2A-078C-42ED-BA15-DD48880CB819}"
EndProject
Global
	GlobalSection(SolutionConfigurationPlatforms) = preSolution
		Debug|Any CPU = Debug|Any CPU
		Release|Any CPU = Release|Any CPU
	EndGlobalSection
	GlobalSection(ProjectConfigurationPlatforms) = postSolution
		{34D89F2A-078C-42ED-BA15-DD48880CB819}.Debug|Any CPU.ActiveCfg = Debug|Any CPU
		{34D89F2A-078C-42ED-BA15-DD48880CB819}.Debug|Any CPU.Build.0 = Debug|Any CPU
		{34D89F2A-078C-42ED-BA15-DD48880CB819}.Release|Any CPU.ActiveCfg = Release|Any CPU
		{34D89F2A-078C-42ED-BA15-DD48880CB819}.Release|Any CPU.Build.0 = Release|Any CPU
	EndGlobalSection
	GlobalSection(SolutionProperties) = preSolution
		HideSolutionNode = FALSE
	EndGlobalSection
	GlobalSection(ExtensibilityGlobals) = postSolution
		SolutionGuid = {C64BDD54-BE35-4583-ACB3-B59BF07E86C4}
	EndGlobalSection
EndGlobal
